// !$*UTF8*$!
{
	archiveVersion = 1;
	classes = {
	};
	objectVersion = 55;
	objects = {

/* Begin PBXBuildFile section */
		D35FEF48289E301B0076A1C5 /* Tests_iOS.swift in Sources */ = {isa = PBXBuildFile; fileRef = D35FEF47289E301B0076A1C5 /* Tests_iOS.swift */; };
		D35FEF4A289E301B0076A1C5 /* Tests_iOSLaunchTests.swift in Sources */ = {isa = PBXBuildFile; fileRef = D35FEF49289E301B0076A1C5 /* Tests_iOSLaunchTests.swift */; };
		D35FEF54289E301B0076A1C5 /* Tests_macOS.swift in Sources */ = {isa = PBXBuildFile; fileRef = D35FEF53289E301B0076A1C5 /* Tests_macOS.swift */; };
		D35FEF56289E301B0076A1C5 /* Tests_macOSLaunchTests.swift in Sources */ = {isa = PBXBuildFile; fileRef = D35FEF55289E301B0076A1C5 /* Tests_macOSLaunchTests.swift */; };
		D35FEF57289E301B0076A1C5 /* Buisiness_CardApp.swift in Sources */ = {isa = PBXBuildFile; fileRef = D35FEF2F289E301A0076A1C5 /* Buisiness_CardApp.swift */; };
		D35FEF58289E301B0076A1C5 /* Buisiness_CardApp.swift in Sources */ = {isa = PBXBuildFile; fileRef = D35FEF2F289E301A0076A1C5 /* Buisiness_CardApp.swift */; };
		D35FEF59289E301B0076A1C5 /* ContentView.swift in Sources */ = {isa = PBXBuildFile; fileRef = D35FEF30289E301A0076A1C5 /* ContentView.swift */; };
		D35FEF5A289E301B0076A1C5 /* ContentView.swift in Sources */ = {isa = PBXBuildFile; fileRef = D35FEF30289E301A0076A1C5 /* ContentView.swift */; };
		D35FEF5B289E301B0076A1C5 /* Assets.xcassets in Resources */ = {isa = PBXBuildFile; fileRef = D35FEF31289E301B0076A1C5 /* Assets.xcassets */; };
		D35FEF5C289E301B0076A1C5 /* Assets.xcassets in Resources */ = {isa = PBXBuildFile; fileRef = D35FEF31289E301B0076A1C5 /* Assets.xcassets */; };
		D35FEF6D289E33750076A1C5 /* Pacifico-Regular.ttf in Resources */ = {isa = PBXBuildFile; fileRef = D35FEF6C289E33750076A1C5 /* Pacifico-Regular.ttf */; };
		D35FEF6E289E33850076A1C5 /* Pacifico-Regular.ttf in Resources */ = {isa = PBXBuildFile; fileRef = D35FEF6C289E33750076A1C5 /* Pacifico-Regular.ttf */; };
		D35FEF6F289E33860076A1C5 /* Pacifico-Regular.ttf in Resources */ = {isa = PBXBuildFile; fileRef = D35FEF6C289E33750076A1C5 /* Pacifico-Regular.ttf */; };
		D35FEF70289E33870076A1C5 /* Pacifico-Regular.ttf in Resources */ = {isa = PBXBuildFile; fileRef = D35FEF6C289E33750076A1C5 /* Pacifico-Regular.ttf */; };
/* End PBXBuildFile section */

/* Begin PBXContainerItemProxy section */
		D35FEF44289E301B0076A1C5 /* PBXContainerItemProxy */ = {
			isa = PBXContainerItemProxy;
			containerPortal = D35FEF2A289E301A0076A1C5 /* Project object */;
			proxyType = 1;
			remoteGlobalIDString = D35FEF35289E301B0076A1C5;
			remoteInfo = "Buisiness Card (iOS)";
		};
		D35FEF50289E301B0076A1C5 /* PBXContainerItemProxy */ = {
			isa = PBXContainerItemProxy;
			containerPortal = D35FEF2A289E301A0076A1C5 /* Project object */;
			proxyType = 1;
			remoteGlobalIDString = D35FEF3B289E301B0076A1C5;
			remoteInfo = "Buisiness Card (macOS)";
		};
/* End PBXContainerItemProxy section */

/* Begin PBXFileReference section */
		D35FEF2F289E301A0076A1C5 /* Buisiness_CardApp.swift */ = {isa = PBXFileReference; lastKnownFileType = sourcecode.swift; path = Buisiness_CardApp.swift; sourceTree = "<group>"; };
		D35FEF30289E301A0076A1C5 /* ContentView.swift */ = {isa = PBXFileReference; lastKnownFileType = sourcecode.swift; path = ContentView.swift; sourceTree = "<group>"; };
		D35FEF31289E301B0076A1C5 /* Assets.xcassets */ = {isa = PBXFileReference; lastKnownFileType = folder.assetcatalog; path = Assets.xcassets; sourceTree = "<group>"; };
		D35FEF36289E301B0076A1C5 /* Buisiness Card.app */ = {isa = PBXFileReference; explicitFileType = wrapper.application; includeInIndex = 0; path = "Buisiness Card.app"; sourceTree = BUILT_PRODUCTS_DIR; };
		D35FEF3C289E301B0076A1C5 /* Buisiness Card.app */ = {isa = PBXFileReference; explicitFileType = wrapper.application; includeInIndex = 0; path = "Buisiness Card.app"; sourceTree = BUILT_PRODUCTS_DIR; };
		D35FEF3E289E301B0076A1C5 /* macOS.entitlements */ = {isa = PBXFileReference; lastKnownFileType = text.plist.entitlements; path = macOS.entitlements; sourceTree = "<group>"; };
		D35FEF43289E301B0076A1C5 /* Tests iOS.xctest */ = {isa = PBXFileReference; explicitFileType = wrapper.cfbundle; includeInIndex = 0; path = "Tests iOS.xctest"; sourceTree = BUILT_PRODUCTS_DIR; };
		D35FEF47289E301B0076A1C5 /* Tests_iOS.swift */ = {isa = PBXFileReference; lastKnownFileType = sourcecode.swift; path = Tests_iOS.swift; sourceTree = "<group>"; };
		D35FEF49289E301B0076A1C5 /* Tests_iOSLaunchTests.swift */ = {isa = PBXFileReference; lastKnownFileType = sourcecode.swift; path = Tests_iOSLaunchTests.swift; sourceTree = "<group>"; };
		D35FEF4F289E301B0076A1C5 /* Tests macOS.xctest */ = {isa = PBXFileReference; explicitFileType = wrapper.cfbundle; includeInIndex = 0; path = "Tests macOS.xctest"; sourceTree = BUILT_PRODUCTS_DIR; };
		D35FEF53289E301B0076A1C5 /* Tests_macOS.swift */ = {isa = PBXFileReference; lastKnownFileType = sourcecode.swift; path = Tests_macOS.swift; sourceTree = "<group>"; };
		D35FEF55289E301B0076A1C5 /* Tests_macOSLaunchTests.swift */ = {isa = PBXFileReference; lastKnownFileType = sourcecode.swift; path = Tests_macOSLaunchTests.swift; sourceTree = "<group>"; };
		D35FEF6C289E33750076A1C5 /* Pacifico-Regular.ttf */ = {isa = PBXFileReference; lastKnownFileType = file; name = "Pacifico-Regular.ttf"; path = "../../../../../Downloads/Pacifico/Pacifico-Regular.ttf"; sourceTree = "<group>"; };
		D35FEF71289E35140076A1C5 /* Buisiness-Card--iOS--Info.plist */ = {isa = PBXFileReference; lastKnownFileType = text.plist; path = "Buisiness-Card--iOS--Info.plist"; sourceTree = "<group>"; };
/* End PBXFileReference section */

/* Begin PBXFrameworksBuildPhase section */
		D35FEF33289E301B0076A1C5 /* Frameworks */ = {
			isa = PBXFrameworksBuildPhase;
			buildActionMask = 2147483647;
			files = (
			);
			runOnlyForDeploymentPostprocessing = 0;
		};
		D35FEF39289E301B0076A1C5 /* Frameworks */ = {
			isa = PBXFrameworksBuildPhase;
			buildActionMask = 2147483647;
			files = (
			);
			runOnlyForDeploymentPostprocessing = 0;
		};
		D35FEF40289E301B0076A1C5 /* Frameworks */ = {
			isa = PBXFrameworksBuildPhase;
			buildActionMask = 2147483647;
			files = (
			);
			runOnlyForDeploymentPostprocessing = 0;
		};
		D35FEF4C289E301B0076A1C5 /* Frameworks */ = {
			isa = PBXFrameworksBuildPhase;
			buildActionMask = 2147483647;
			files = (
			);
			runOnlyForDeploymentPostprocessing = 0;
		};
/* End PBXFrameworksBuildPhase section */

/* Begin PBXGroup section */
		D35FEF29289E301A0076A1C5 = {
			isa = PBXGroup;
			children = (
				D35FEF71289E35140076A1C5 /* Buisiness-Card--iOS--Info.plist */,
				D35FEF2E289E301A0076A1C5 /* Shared */,
				D35FEF3D289E301B0076A1C5 /* macOS */,
				D35FEF46289E301B0076A1C5 /* Tests iOS */,
				D35FEF52289E301B0076A1C5 /* Tests macOS */,
				D35FEF37289E301B0076A1C5 /* Products */,
			);
			sourceTree = "<group>";
		};
		D35FEF2E289E301A0076A1C5 /* Shared */ = {
			isa = PBXGroup;
			children = (
				D35FEF6B289E335E0076A1C5 /* fonts */,
				D35FEF2F289E301A0076A1C5 /* Buisiness_CardApp.swift */,
				D35FEF30289E301A0076A1C5 /* ContentView.swift */,
				D35FEF31289E301B0076A1C5 /* Assets.xcassets */,
			);
			path = Shared;
			sourceTree = "<group>";
		};
		D35FEF37289E301B0076A1C5 /* Products */ = {
			isa = PBXGroup;
			children = (
				D35FEF36289E301B0076A1C5 /* Buisiness Card.app */,
				D35FEF3C289E301B0076A1C5 /* Buisiness Card.app */,
				D35FEF43289E301B0076A1C5 /* Tests iOS.xctest */,
				D35FEF4F289E301B0076A1C5 /* Tests macOS.xctest */,
			);
			name = Products;
			sourceTree = "<group>";
		};
		D35FEF3D289E301B0076A1C5 /* macOS */ = {
			isa = PBXGroup;
			children = (
				D35FEF3E289E301B0076A1C5 /* macOS.entitlements */,
			);
			path = macOS;
			sourceTree = "<group>";
		};
		D35FEF46289E301B0076A1C5 /* Tests iOS */ = {
			isa = PBXGroup;
			children = (
				D35FEF47289E301B0076A1C5 /* Tests_iOS.swift */,
				D35FEF49289E301B0076A1C5 /* Tests_iOSLaunchTests.swift */,
			);
			path = "Tests iOS";
			sourceTree = "<group>";
		};
		D35FEF52289E301B0076A1C5 /* Tests macOS */ = {
			isa = PBXGroup;
			children = (
				D35FEF53289E301B0076A1C5 /* Tests_macOS.swift */,
				D35FEF55289E301B0076A1C5 /* Tests_macOSLaunchTests.swift */,
			);
			path = "Tests macOS";
			sourceTree = "<group>";
		};
		D35FEF6B289E335E0076A1C5 /* fonts */ = {
			isa = PBXGroup;
			children = (
				D35FEF6C289E33750076A1C5 /* Pacifico-Regular.ttf */,
			);
			path = fonts;
			sourceTree = "<group>";
		};
/* End PBXGroup section */

/* Begin PBXNativeTarget section */
		D35FEF35289E301B0076A1C5 /* Buisiness Card (iOS) */ = {
			isa = PBXNativeTarget;
			buildConfigurationList = D35FEF5F289E301B0076A1C5 /* Build configuration list for PBXNativeTarget "Buisiness Card (iOS)" */;
			buildPhases = (
				D35FEF32289E301B0076A1C5 /* Sources */,
				D35FEF33289E301B0076A1C5 /* Frameworks */,
				D35FEF34289E301B0076A1C5 /* Resources */,
			);
			buildRules = (
			);
			dependencies = (
			);
			name = "Buisiness Card (iOS)";
			productName = "Buisiness Card (iOS)";
			productReference = D35FEF36289E301B0076A1C5 /* Buisiness Card.app */;
			productType = "com.apple.product-type.application";
		};
		D35FEF3B289E301B0076A1C5 /* Buisiness Card (macOS) */ = {
			isa = PBXNativeTarget;
			buildConfigurationList = D35FEF62289E301B0076A1C5 /* Build configuration list for PBXNativeTarget "Buisiness Card (macOS)" */;
			buildPhases = (
				D35FEF38289E301B0076A1C5 /* Sources */,
				D35FEF39289E301B0076A1C5 /* Frameworks */,
				D35FEF3A289E301B0076A1C5 /* Resources */,
			);
			buildRules = (
			);
			dependencies = (
			);
			name = "Buisiness Card (macOS)";
			productName = "Buisiness Card (macOS)";
			productReference = D35FEF3C289E301B0076A1C5 /* Buisiness Card.app */;
			productType = "com.apple.product-type.application";
		};
		D35FEF42289E301B0076A1C5 /* Tests iOS */ = {
			isa = PBXNativeTarget;
			buildConfigurationList = D35FEF65289E301B0076A1C5 /* Build configuration list for PBXNativeTarget "Tests iOS" */;
			buildPhases = (
				D35FEF3F289E301B0076A1C5 /* Sources */,
				D35FEF40289E301B0076A1C5 /* Frameworks */,
				D35FEF41289E301B0076A1C5 /* Resources */,
			);
			buildRules = (
			);
			dependencies = (
				D35FEF45289E301B0076A1C5 /* PBXTargetDependency */,
			);
			name = "Tests iOS";
			productName = "Tests iOS";
			productReference = D35FEF43289E301B0076A1C5 /* Tests iOS.xctest */;
			productType = "com.apple.product-type.bundle.ui-testing";
		};
		D35FEF4E289E301B0076A1C5 /* Tests macOS */ = {
			isa = PBXNativeTarget;
			buildConfigurationList = D35FEF68289E301B0076A1C5 /* Build configuration list for PBXNativeTarget "Tests macOS" */;
			buildPhases = (
				D35FEF4B289E301B0076A1C5 /* Sources */,
				D35FEF4C289E301B0076A1C5 /* Frameworks */,
				D35FEF4D289E301B0076A1C5 /* Resources */,
			);
			buildRules = (
			);
			dependencies = (
				D35FEF51289E301B0076A1C5 /* PBXTargetDependency */,
			);
			name = "Tests macOS";
			productName = "Tests macOS";
			productReference = D35FEF4F289E301B0076A1C5 /* Tests macOS.xctest */;
			productType = "com.apple.product-type.bundle.ui-testing";
		};
/* End PBXNativeTarget section */

/* Begin PBXProject section */
		D35FEF2A289E301A0076A1C5 /* Project object */ = {
			isa = PBXProject;
			attributes = {
				BuildIndependentTargetsInParallel = 1;
				LastSwiftUpdateCheck = 1340;
				LastUpgradeCheck = 1340;
				TargetAttributes = {
					D35FEF35289E301B0076A1C5 = {
						CreatedOnToolsVersion = 13.4.1;
					};
					D35FEF3B289E301B0076A1C5 = {
						CreatedOnToolsVersion = 13.4.1;
					};
					D35FEF42289E301B0076A1C5 = {
						CreatedOnToolsVersion = 13.4.1;
						TestTargetID = D35FEF35289E301B0076A1C5;
					};
					D35FEF4E289E301B0076A1C5 = {
						CreatedOnToolsVersion = 13.4.1;
						TestTargetID = D35FEF3B289E301B0076A1C5;
					};
				};
			};
			buildConfigurationList = D35FEF2D289E301A0076A1C5 /* Build configuration list for PBXProject "Buisiness Card" */;
			compatibilityVersion = "Xcode 13.0";
			developmentRegion = en;
			hasScannedForEncodings = 0;
			knownRegions = (
				en,
				Base,
			);
			mainGroup = D35FEF29289E301A0076A1C5;
			productRefGroup = D35FEF37289E301B0076A1C5 /* Products */;
			projectDirPath = "";
			projectRoot = "";
			targets = (
				D35FEF35289E301B0076A1C5 /* Buisiness Card (iOS) */,
				D35FEF3B289E301B0076A1C5 /* Buisiness Card (macOS) */,
				D35FEF42289E301B0076A1C5 /* Tests iOS */,
				D35FEF4E289E301B0076A1C5 /* Tests macOS */,
			);
		};
/* End PBXProject section */

/* Begin PBXResourcesBuildPhase section */
		D35FEF34289E301B0076A1C5 /* Resources */ = {
			isa = PBXResourcesBuildPhase;
			buildActionMask = 2147483647;
			files = (
				D35FEF5B289E301B0076A1C5 /* Assets.xcassets in Resources */,
				D35FEF6D289E33750076A1C5 /* Pacifico-Regular.ttf in Resources */,
			);
			runOnlyForDeploymentPostprocessing = 0;
		};
		D35FEF3A289E301B0076A1C5 /* Resources */ = {
			isa = PBXResourcesBuildPhase;
			buildActionMask = 2147483647;
			files = (
				D35FEF5C289E301B0076A1C5 /* Assets.xcassets in Resources */,
				D35FEF6E289E33850076A1C5 /* Pacifico-Regular.ttf in Resources */,
			);
			runOnlyForDeploymentPostprocessing = 0;
		};
		D35FEF41289E301B0076A1C5 /* Resources */ = {
			isa = PBXResourcesBuildPhase;
			buildActionMask = 2147483647;
			files = (
				D35FEF6F289E33860076A1C5 /* Pacifico-Regular.ttf in Resources */,
			);
			runOnlyForDeploymentPostprocessing = 0;
		};
		D35FEF4D289E301B0076A1C5 /* Resources */ = {
			isa = PBXResourcesBuildPhase;
			buildActionMask = 2147483647;
			files = (
				D35FEF70289E33870076A1C5 /* Pacifico-Regular.ttf in Resources */,
			);
			runOnlyForDeploymentPostprocessing = 0;
		};
/* End PBXResourcesBuildPhase section */

/* Begin PBXSourcesBuildPhase section */
		D35FEF32289E301B0076A1C5 /* Sources */ = {
			isa = PBXSourcesBuildPhase;
			buildActionMask = 2147483647;
			files = (
				D35FEF59289E301B0076A1C5 /* ContentView.swift in Sources */,
				D35FEF57289E301B0076A1C5 /* Buisiness_CardApp.swift in Sources */,
			);
			runOnlyForDeploymentPostprocessing = 0;
		};
		D35FEF38289E301B0076A1C5 /* Sources */ = {
			isa = PBXSourcesBuildPhase;
			buildActionMask = 2147483647;
			files = (
				D35FEF5A289E301B0076A1C5 /* ContentView.swift in Sources */,
				D35FEF58289E301B0076A1C5 /* Buisiness_CardApp.swift in Sources */,
			);
			runOnlyForDeploymentPostprocessing = 0;
		};
		D35FEF3F289E301B0076A1C5 /* Sources */ = {
			isa = PBXSourcesBuildPhase;
			buildActionMask = 2147483647;
			files = (
				D35FEF4A289E301B0076A1C5 /* Tests_iOSLaunchTests.swift in Sources */,
				D35FEF48289E301B0076A1C5 /* Tests_iOS.swift in Sources */,
			);
			runOnlyForDeploymentPostprocessing = 0;
		};
		D35FEF4B289E301B0076A1C5 /* Sources */ = {
			isa = PBXSourcesBuildPhase;
			buildActionMask = 2147483647;
			files = (
				D35FEF56289E301B0076A1C5 /* Tests_macOSLaunchTests.swift in Sources */,
				D35FEF54289E301B0076A1C5 /* Tests_macOS.swift in Sources */,
			);
			runOnlyForDeploymentPostprocessing = 0;
		};
/* End PBXSourcesBuildPhase section */

/* Begin PBXTargetDependency section */
		D35FEF45289E301B0076A1C5 /* PBXTargetDependency */ = {
			isa = PBXTargetDependency;
			target = D35FEF35289E301B0076A1C5 /* Buisiness Card (iOS) */;
			targetProxy = D35FEF44289E301B0076A1C5 /* PBXContainerItemProxy */;
		};
		D35FEF51289E301B0076A1C5 /* PBXTargetDependency */ = {
			isa = PBXTargetDependency;
			target = D35FEF3B289E301B0076A1C5 /* Buisiness Card (macOS) */;
			targetProxy = D35FEF50289E301B0076A1C5 /* PBXContainerItemProxy */;
		};
/* End PBXTargetDependency section */

/* Begin XCBuildConfiguration section */
		D35FEF5D289E301B0076A1C5 /* Debug */ = {
			isa = XCBuildConfiguration;
			buildSettings = {
				ALWAYS_SEARCH_USER_PATHS = NO;
				CLANG_ANALYZER_NONNULL = YES;
				CLANG_ANALYZER_NUMBER_OBJECT_CONVERSION = YES_AGGRESSIVE;
				CLANG_CXX_LANGUAGE_STANDARD = "gnu++17";
				CLANG_ENABLE_MODULES = YES;
				CLANG_ENABLE_OBJC_ARC = YES;
				CLANG_ENABLE_OBJC_WEAK = YES;
				CLANG_WARN_BLOCK_CAPTURE_AUTORELEASING = YES;
				CLANG_WARN_BOOL_CONVERSION = YES;
				CLANG_WARN_COMMA = YES;
				CLANG_WARN_CONSTANT_CONVERSION = YES;
				CLANG_WARN_DEPRECATED_OBJC_IMPLEMENTATIONS = YES;
				CLANG_WARN_DIRECT_OBJC_ISA_USAGE = YES_ERROR;
				CLANG_WARN_DOCUMENTATION_COMMENTS = YES;
				CLANG_WARN_EMPTY_BODY = YES;
				CLANG_WARN_ENUM_CONVERSION = YES;
				CLANG_WARN_INFINITE_RECURSION = YES;
				CLANG_WARN_INT_CONVERSION = YES;
				CLANG_WARN_NON_LITERAL_NULL_CONVERSION = YES;
				CLANG_WARN_OBJC_IMPLICIT_RETAIN_SELF = YES;
				CLANG_WARN_OBJC_LITERAL_CONVERSION = YES;
				CLANG_WARN_OBJC_ROOT_CLASS = YES_ERROR;
				CLANG_WARN_QUOTED_INCLUDE_IN_FRAMEWORK_HEADER = YES;
				CLANG_WARN_RANGE_LOOP_ANALYSIS = YES;
				CLANG_WARN_STRICT_PROTOTYPES = YES;
				CLANG_WARN_SUSPICIOUS_MOVE = YES;
				CLANG_WARN_UNGUARDED_AVAILABILITY = YES_AGGRESSIVE;
				CLANG_WARN_UNREACHABLE_CODE = YES;
				CLANG_WARN__DUPLICATE_METHOD_MATCH = YES;
				COPY_PHASE_STRIP = NO;
				DEBUG_INFORMATION_FORMAT = dwarf;
				ENABLE_STRICT_OBJC_MSGSEND = YES;
				ENABLE_TESTABILITY = YES;
				GCC_C_LANGUAGE_STANDARD = gnu11;
				GCC_DYNAMIC_NO_PIC = NO;
				GCC_NO_COMMON_BLOCKS = YES;
				GCC_OPTIMIZATION_LEVEL = 0;
				GCC_PREPROCESSOR_DEFINITIONS = (
					"DEBUG=1",
					"$(inherited)",
				);
				GCC_WARN_64_TO_32_BIT_CONVERSION = YES;
				GCC_WARN_ABOUT_RETURN_TYPE = YES_ERROR;
				GCC_WARN_UNDECLARED_SELECTOR = YES;
				GCC_WARN_UNINITIALIZED_AUTOS = YES_AGGRESSIVE;
				GCC_WARN_UNUSED_FUNCTION = YES;
				GCC_WARN_UNUSED_VARIABLE = YES;
				MTL_ENABLE_DEBUG_INFO = INCLUDE_SOURCE;
				MTL_FAST_MATH = YES;
				ONLY_ACTIVE_ARCH = YES;
				SWIFT_ACTIVE_COMPILATION_CONDITIONS = DEBUG;
				SWIFT_OPTIMIZATION_LEVEL = "-Onone";
			};
			name = Debug;
		};
		D35FEF5E289E301B0076A1C5 /* Release */ = {
			isa = XCBuildConfiguration;
			buildSettings = {
				ALWAYS_SEARCH_USER_PATHS = NO;
				CLANG_ANALYZER_NONNULL = YES;
				CLANG_ANALYZER_NUMBER_OBJECT_CONVERSION = YES_AGGRESSIVE;
				CLANG_CXX_LANGUAGE_STANDARD = "gnu++17";
				CLANG_ENABLE_MODULES = YES;
				CLANG_ENABLE_OBJC_ARC = YES;
				CLANG_ENABLE_OBJC_WEAK = YES;
				CLANG_WARN_BLOCK_CAPTURE_AUTORELEASING = YES;
				CLANG_WARN_BOOL_CONVERSION = YES;
				CLANG_WARN_COMMA = YES;
				CLANG_WARN_CONSTANT_CONVERSION = YES;
				CLANG_WARN_DEPRECATED_OBJC_IMPLEMENTATIONS = YES;
				CLANG_WARN_DIRECT_OBJC_ISA_USAGE = YES_ERROR;
				CLANG_WARN_DOCUMENTATION_COMMENTS = YES;
				CLANG_WARN_EMPTY_BODY = YES;
				CLANG_WARN_ENUM_CONVERSION = YES;
				CLANG_WARN_INFINITE_RECURSION = YES;
				CLANG_WARN_INT_CONVERSION = YES;
				CLANG_WARN_NON_LITERAL_NULL_CONVERSION = YES;
				CLANG_WARN_OBJC_IMPLICIT_RETAIN_SELF = YES;
				CLANG_WARN_OBJC_LITERAL_CONVERSION = YES;
				CLANG_WARN_OBJC_ROOT_CLASS = YES_ERROR;
				CLANG_WARN_QUOTED_INCLUDE_IN_FRAMEWORK_HEADER = YES;
				CLANG_WARN_RANGE_LOOP_ANALYSIS = YES;
				CLANG_WARN_STRICT_PROTOTYPES = YES;
				CLANG_WARN_SUSPICIOUS_MOVE = YES;
				CLANG_WARN_UNGUARDED_AVAILABILITY = YES_AGGRESSIVE;
				CLANG_WARN_UNREACHABLE_CODE = YES;
				CLANG_WARN__DUPLICATE_METHOD_MATCH = YES;
				COPY_PHASE_STRIP = NO;
				DEBUG_INFORMATION_FORMAT = "dwarf-with-dsym";
				ENABLE_NS_ASSERTIONS = NO;
				ENABLE_STRICT_OBJC_MSGSEND = YES;
				GCC_C_LANGUAGE_STANDARD = gnu11;
				GCC_NO_COMMON_BLOCKS = YES;
				GCC_WARN_64_TO_32_BIT_CONVERSION = YES;
				GCC_WARN_ABOUT_RETURN_TYPE = YES_ERROR;
				GCC_WARN_UNDECLARED_SELECTOR = YES;
				GCC_WARN_UNINITIALIZED_AUTOS = YES_AGGRESSIVE;
				GCC_WARN_UNUSED_FUNCTION = YES;
				GCC_WARN_UNUSED_VARIABLE = YES;
				MTL_ENABLE_DEBUG_INFO = NO;
				MTL_FAST_MATH = YES;
				SWIFT_COMPILATION_MODE = wholemodule;
				SWIFT_OPTIMIZATION_LEVEL = "-O";
			};
			name = Release;
		};
		D35FEF60289E301B0076A1C5 /* Debug */ = {
			isa = XCBuildConfiguration;
			buildSettings = {
				ASSETCATALOG_COMPILER_APPICON_NAME = AppIcon;
				ASSETCATALOG_COMPILER_GLOBAL_ACCENT_COLOR_NAME = AccentColor;
				CODE_SIGN_STYLE = Automatic;
				CURRENT_PROJECT_VERSION = 1;
				DEVELOPMENT_TEAM = VGHT76U2X5;
				ENABLE_PREVIEWS = YES;
				GENERATE_INFOPLIST_FILE = YES;
				INFOPLIST_FILE = "Buisiness-Card--iOS--Info.plist";
				INFOPLIST_KEY_UIApplicationSceneManifest_Generation = YES;
				INFOPLIST_KEY_UIApplicationSupportsIndirectInputEvents = YES;
				INFOPLIST_KEY_UILaunchScreen_Generation = YES;
				INFOPLIST_KEY_UISupportedInterfaceOrientations_iPad = "UIInterfaceOrientationPortrait UIInterfaceOrientationPortraitUpsideDown UIInterfaceOrientationLandscapeLeft UIInterfaceOrientationLandscapeRight";
				INFOPLIST_KEY_UISupportedInterfaceOrientations_iPhone = "UIInterfaceOrientationPortrait UIInterfaceOrientationLandscapeLeft UIInterfaceOrientationLandscapeRight";
				IPHONEOS_DEPLOYMENT_TARGET = 15.5;
				LD_RUNPATH_SEARCH_PATHS = (
					"$(inherited)",
					"@executable_path/Frameworks",
				);
				MARKETING_VERSION = 1.0;
				PRODUCT_BUNDLE_IDENTIFIER = "com.siyahul.Buisiness-Card";
				PRODUCT_NAME = "Buisiness Card";
				SDKROOT = iphoneos;
				SWIFT_EMIT_LOC_STRINGS = YES;
				SWIFT_VERSION = 5.0;
				TARGETED_DEVICE_FAMILY = "1,2";
			};
			name = Debug;
		};
		D35FEF61289E301B0076A1C5 /* Release */ = {
			isa = XCBuildConfiguration;
			buildSettings = {
				ASSETCATALOG_COMPILER_APPICON_NAME = AppIcon;
				ASSETCATALOG_COMPILER_GLOBAL_ACCENT_COLOR_NAME = AccentColor;
				CODE_SIGN_STYLE = Automatic;
				CURRENT_PROJECT_VERSION = 1;
				DEVELOPMENT_TEAM = VGHT76U2X5;
				ENABLE_PREVIEWS = YES;
				GENERATE_INFOPLIST_FILE = YES;
				INFOPLIST_FILE = "Buisiness-Card--iOS--Info.plist";
				INFOPLIST_KEY_UIApplicationSceneManifest_Generation = YES;
				INFOPLIST_KEY_UIApplicationSupportsIndirectInputEvents = YES;
				INFOPLIST_KEY_UILaunchScreen_Generation = YES;
				INFOPLIST_KEY_UISupportedInterfaceOrientations_iPad = "UIInterfaceOrientationPortrait UIInterfaceOrientationPortraitUpsideDown UIInterfaceOrientationLandscapeLeft UIInterfaceOrientationLandscapeRight";
				INFOPLIST_KEY_UISupportedInterfaceOrientations_iPhone = "UIInterfaceOrientationPortrait UIInterfaceOrientationLandscapeLeft UIInterfaceOrientationLandscapeRight";
				IPHONEOS_DEPLOYMENT_TARGET = 15.5;
				LD_RUNPATH_SEARCH_PATHS = (
					"$(inherited)",
					"@executable_path/Frameworks",
				);
				MARKETING_VERSION = 1.0;
				PRODUCT_BUNDLE_IDENTIFIER = "com.siyahul.Buisiness-Card";
				PRODUCT_NAME = "Buisiness Card";
				SDKROOT = iphoneos;
				SWIFT_EMIT_LOC_STRINGS = YES;
				SWIFT_VERSION = 5.0;
				TARGETED_DEVICE_FAMILY = "1,2";
				VALIDATE_PRODUCT = YES;
			};
			name = Release;
		};
		D35FEF63289E301B0076A1C5 /* Debug */ = {
			isa = XCBuildConfiguration;
			buildSettings = {
				ASSETCATALOG_COMPILER_APPICON_NAME = AppIcon;
				ASSETCATALOG_COMPILER_GLOBAL_ACCENT_COLOR_NAME = AccentColor;
				CODE_SIGN_ENTITLEMENTS = macOS/macOS.entitlements;
				CODE_SIGN_STYLE = Automatic;
				COMBINE_HIDPI_IMAGES = YES;
				CURRENT_PROJECT_VERSION = 1;
				DEVELOPMENT_TEAM = VGHT76U2X5;
				ENABLE_HARDENED_RUNTIME = YES;
				ENABLE_PREVIEWS = YES;
				GENERATE_INFOPLIST_FILE = YES;
				INFOPLIST_KEY_NSHumanReadableCopyright = "";
				LD_RUNPATH_SEARCH_PATHS = (
					"$(inherited)",
					"@executable_path/../Frameworks",
				);
				MACOSX_DEPLOYMENT_TARGET = 12.3;
				MARKETING_VERSION = 1.0;
				PRODUCT_BUNDLE_IDENTIFIER = "com.siyahul.Buisiness-Card";
				PRODUCT_NAME = "Buisiness Card";
				SDKROOT = macosx;
				SWIFT_EMIT_LOC_STRINGS = YES;
				SWIFT_VERSION = 5.0;
			};
			name = Debug;
		};
		D35FEF64289E301B0076A1C5 /* Release */ = {
			isa = XCBuildConfiguration;
			buildSettings = {
				ASSETCATALOG_COMPILER_APPICON_NAME = AppIcon;
				ASSETCATALOG_COMPILER_GLOBAL_ACCENT_COLOR_NAME = AccentColor;
				CODE_SIGN_ENTITLEMENTS = macOS/macOS.entitlements;
				CODE_SIGN_STYLE = Automatic;
				COMBINE_HIDPI_IMAGES = YES;
				CURRENT_PROJECT_VERSION = 1;
				DEVELOPMENT_TEAM = VGHT76U2X5;
				ENABLE_HARDENED_RUNTIME = YES;
				ENABLE_PREVIEWS = YES;
				GENERATE_INFOPLIST_FILE = YES;
				INFOPLIST_KEY_NSHumanReadableCopyright = "";
				LD_RUNPATH_SEARCH_PATHS = (
					"$(inherited)",
					"@executable_path/../Frameworks",
				);
				MACOSX_DEPLOYMENT_TARGET = 12.3;
				MARKETING_VERSION = 1.0;
				PRODUCT_BUNDLE_IDENTIFIER = "com.siyahul.Buisiness-Card";
				PRODUCT_NAME = "Buisiness Card";
				SDKROOT = macosx;
				SWIFT_EMIT_LOC_STRINGS = YES;
				SWIFT_VERSION = 5.0;
			};
			name = Release;
		};
		D35FEF66289E301B0076A1C5 /* Debug */ = {
			isa = XCBuildConfiguration;
			buildSettings = {
				ALWAYS_EMBED_SWIFT_STANDARD_LIBRARIES = YES;
				CODE_SIGN_STYLE = Automatic;
				CURRENT_PROJECT_VERSION = 1;
				DEVELOPMENT_TEAM = VGHT76U2X5;
				GENERATE_INFOPLIST_FILE = YES;
				IPHONEOS_DEPLOYMENT_TARGET = 15.5;
				MARKETING_VERSION = 1.0;
				PRODUCT_BUNDLE_IDENTIFIER = "com.siyahul.Tests-iOS";
				PRODUCT_NAME = "$(TARGET_NAME)";
				SDKROOT = iphoneos;
				SWIFT_EMIT_LOC_STRINGS = NO;
				SWIFT_VERSION = 5.0;
				TARGETED_DEVICE_FAMILY = "1,2";
				TEST_TARGET_NAME = "Buisiness Card (iOS)";
			};
			name = Debug;
		};
		D35FEF67289E301B0076A1C5 /* Release */ = {
			isa = XCBuildConfiguration;
			buildSettings = {
				ALWAYS_EMBED_SWIFT_STANDARD_LIBRARIES = YES;
				CODE_SIGN_STYLE = Automatic;
				CURRENT_PROJECT_VERSION = 1;
				DEVELOPMENT_TEAM = VGHT76U2X5;
				GENERATE_INFOPLIST_FILE = YES;
				IPHONEOS_DEPLOYMENT_TARGET = 15.5;
				MARKETING_VERSION = 1.0;
				PRODUCT_BUNDLE_IDENTIFIER = "com.siyahul.Tests-iOS";
				PRODUCT_NAME = "$(TARGET_NAME)";
				SDKROOT = iphoneos;
				SWIFT_EMIT_LOC_STRINGS = NO;
				SWIFT_VERSION = 5.0;
				TARGETED_DEVICE_FAMILY = "1,2";
				TEST_TARGET_NAME = "Buisiness Card (iOS)";
				VALIDATE_PRODUCT = YES;
			};
			name = Release;
		};
		D35FEF69289E301B0076A1C5 /* Debug */ = {
			isa = XCBuildConfiguration;
			buildSettings = {
				ALWAYS_EMBED_SWIFT_STANDARD_LIBRARIES = YES;
				CODE_SIGN_STYLE = Automatic;
				CURRENT_PROJECT_VERSION = 1;
				DEVELOPMENT_TEAM = VGHT76U2X5;
				GENERATE_INFOPLIST_FILE = YES;
				MACOSX_DEPLOYMENT_TARGET = 12.3;
				MARKETING_VERSION = 1.0;
				PRODUCT_BUNDLE_IDENTIFIER = "com.siyahul.Tests-macOS";
				PRODUCT_NAME = "$(TARGET_NAME)";
				SDKROOT = macosx;
				SWIFT_EMIT_LOC_STRINGS = NO;
				SWIFT_VERSION = 5.0;
				TEST_TARGET_NAME = "Buisiness Card (macOS)";
			};
			name = Debug;
		};
		D35FEF6A289E301B0076A1C5 /* Release */ = {
			isa = XCBuildConfiguration;
			buildSettings = {
				ALWAYS_EMBED_SWIFT_STANDARD_LIBRARIES = YES;
				CODE_SIGN_STYLE = Automatic;
				CURRENT_PROJECT_VERSION = 1;
				DEVELOPMENT_TEAM = VGHT76U2X5;
				GENERATE_INFOPLIST_FILE = YES;
				MACOSX_DEPLOYMENT_TARGET = 12.3;
				MARKETING_VERSION = 1.0;
				PRODUCT_BUNDLE_IDENTIFIER = "com.siyahul.Tests-macOS";
				PRODUCT_NAME = "$(TARGET_NAME)";
				SDKROOT = macosx;
				SWIFT_EMIT_LOC_STRINGS = NO;
				SWIFT_VERSION = 5.0;
				TEST_TARGET_NAME = "Buisiness Card (macOS)";
			};
			name = Release;
		};
/* End XCBuildConfiguration section */

/* Begin XCConfigurationList section */
		D35FEF2D289E301A0076A1C5 /* Build configuration list for PBXProject "Buisiness Card" */ = {
			isa = XCConfigurationList;
			buildConfigurations = (
				D35FEF5D289E301B0076A1C5 /* Debug */,
				D35FEF5E289E301B0076A1C5 /* Release */,
			);
			defaultConfigurationIsVisible = 0;
			defaultConfigurationName = Release;
		};
		D35FEF5F289E301B0076A1C5 /* Build configuration list for PBXNativeTarget "Buisiness Card (iOS)" */ = {
			isa = XCConfigurationList;
			buildConfigurations = (
				D35FEF60289E301B0076A1C5 /* Debug */,
				D35FEF61289E301B0076A1C5 /* Release */,
			);
			defaultConfigurationIsVisible = 0;
			defaultConfigurationName = Release;
		};
		D35FEF62289E301B0076A1C5 /* Build configuration list for PBXNativeTarget "Buisiness Card (macOS)" */ = {
			isa = XCConfigurationList;
			buildConfigurations = (
				D35FEF63289E301B0076A1C5 /* Debug */,
				D35FEF64289E301B0076A1C5 /* Release */,
			);
			defaultConfigurationIsVisible = 0;
			defaultConfigurationName = Release;
		};
		D35FEF65289E301B0076A1C5 /* Build configuration list for PBXNativeTarget "Tests iOS" */ = {
			isa = XCConfigurationList;
			buildConfigurations = (
				D35FEF66289E301B0076A1C5 /* Debug */,
				D35FEF67289E301B0076A1C5 /* Release */,
			);
			defaultConfigurationIsVisible = 0;
			defaultConfigurationName = Release;
		};
		D35FEF68289E301B0076A1C5 /* Build configuration list for PBXNativeTarget "Tests macOS" */ = {
			isa = XCConfigurationList;
			buildConfigurations = (
				D35FEF69289E301B0076A1C5 /* Debug */,
				D35FEF6A289E301B0076A1C5 /* Release */,
			);
			defaultConfigurationIsVisible = 0;
			defaultConfigurationName = Release;
		};
/* End XCConfigurationList section */
	};
	rootObject = D35FEF2A289E301A0076A1C5 /* Project object */;
}
